
Microsoft Visual Studio Solution File, Format Version 12.00
# Visual Studio Version 17
VisualStudioVersion = 17.4.33110.190
MinimumVisualStudioVersion = 10.0.40219.1
Project("{FAE04EC0-301F-11D3-BF4B-00C04F79EFBC}") = "IPTMobileApp.UWP", "IPTMobileApp\IPTMobileApp.UWP\IPTMobileApp.UWP.csproj", "{30FFDEFE-CC2F-46E5-B536-5225D9FF5F5F}"
EndProject
Project("{FAE04EC0-301F-11D3-BF4B-00C04F79EFBC}") = "IPTMobileApp.Android", "IPTMobileApp\IPTMobileApp.Android\IPTMobileApp.Android.csproj", "{791404FD-579B-4E07-A8B1-349004CC9770}"
EndProject
Project("{FAE04EC0-301F-11D3-BF4B-00C04F79EFBC}") = "IPTMobileApp.iOS", "IPTMobileApp\IPTMobileApp.iOS\IPTMobileApp.iOS.csproj", "{38D36B5B-F3B2-4483-9856-B85643A7EBBD}"
EndProject
Project("{FAE04EC0-301F-11D3-BF4B-00C04F79EFBC}") = "IPTMobileApp", "IPTMobileApp\IPTMobileApp\IPTMobileApp.csproj", "{D22FB3B2-3255-4954-9137-AA4802B591FE}"
EndProject
Global
	GlobalSection(SolutionConfigurationPlatforms) = preSolution
		Debug|Any CPU = Debug|Any CPU
		Debug|ARM = Debug|ARM
		Debug|iPhone = Debug|iPhone
		Debug|iPhoneSimulator = Debug|iPhoneSimulator
		Debug|x64 = Debug|x64
		Debug|x86 = Debug|x86
		Release|Any CPU = Release|Any CPU
		Release|ARM = Release|ARM
		Release|iPhone = Release|iPhone
		Release|iPhoneSimulator = Release|iPhoneSimulator
		Release|x64 = Release|x64
		Release|x86 = Release|x86
	EndGlobalSection
	GlobalSection(ProjectConfigurationPlatforms) = postSolution
		{30FFDEFE-CC2F-46E5-B536-5225D9FF5F5F}.Debug|Any CPU.ActiveCfg = Debug|x64
		{30FFDEFE-CC2F-46E5-B536-5225D9FF5F5F}.Debug|Any CPU.Build.0 = Debug|x64
		{30FFDEFE-CC2F-46E5-B536-5225D9FF5F5F}.Debug|Any CPU.Deploy.0 = Debug|x64
		{30FFDEFE-CC2F-46E5-B536-5225D9FF5F5F}.Debug|ARM.ActiveCfg = Debug|ARM
		{30FFDEFE-CC2F-46E5-B536-5225D9FF5F5F}.Debug|ARM.Build.0 = Debug|ARM
		{30FFDEFE-CC2F-46E5-B536-5225D9FF5F5F}.Debug|ARM.Deploy.0 = Debug|ARM
		{30FFDEFE-CC2F-46E5-B536-5225D9FF5F5F}.Debug|iPhone.ActiveCfg = Debug|x64
		{30FFDEFE-CC2F-46E5-B536-5225D9FF5F5F}.Debug|iPhone.Build.0 = Debug|x64
		{30FFDEFE-CC2F-46E5-B536-5225D9FF5F5F}.Debug|iPhone.Deploy.0 = Debug|x64
		{30FFDEFE-CC2F-46E5-B536-5225D9FF5F5F}.Debug|iPhoneSimulator.ActiveCfg = Debug|x64
		{30FFDEFE-CC2F-46E5-B536-5225D9FF5F5F}.Debug|iPhoneSimulator.Build.0 = Debug|x64
		{30FFDEFE-CC2F-46E5-B536-5225D9FF5F5F}.Debug|iPhoneSimulator.Deploy.0 = Debug|x64
		{30FFDEFE-CC2F-46E5-B536-5225D9FF5F5F}.Debug|x64.ActiveCfg = Debug|x64
		{30FFDEFE-CC2F-46E5-B536-5225D9FF5F5F}.Debug|x64.Build.0 = Debug|x64
		{30FFDEFE-CC2F-46E5-B536-5225D9FF5F5F}.Debug|x64.Deploy.0 = Debug|x64
		{30FFDEFE-CC2F-46E5-B536-5225D9FF5F5F}.Debug|x86.ActiveCfg = Debug|x86
		{30FFDEFE-CC2F-46E5-B536-5225D9FF5F5F}.Debug|x86.Build.0 = Debug|x86
		{30FFDEFE-CC2F-46E5-B536-5225D9FF5F5F}.Debug|x86.Deploy.0 = Debug|x86
		{30FFDEFE-CC2F-46E5-B536-5225D9FF5F5F}.Release|Any CPU.ActiveCfg = Release|x64
		{30FFDEFE-CC2F-46E5-B536-5225D9FF5F5F}.Release|Any CPU.Build.0 = Release|x64
		{30FFDEFE-CC2F-46E5-B536-5225D9FF5F5F}.Release|Any CPU.Deploy.0 = Release|x64
		{30FFDEFE-CC2F-46E5-B536-5225D9FF5F5F}.Release|ARM.ActiveCfg = Release|ARM
		{30FFDEFE-CC2F-46E5-B536-5225D9FF5F5F}.Release|ARM.Build.0 = Release|ARM
		{30FFDEFE-CC2F-46E5-B536-5225D9FF5F5F}.Release|ARM.Deploy.0 = Release|ARM
		{30FFDEFE-CC2F-46E5-B536-5225D9FF5F5F}.Release|iPhone.ActiveCfg = Release|x64
		{30FFDEFE-CC2F-46E5-B536-5225D9FF5F5F}.Release|iPhone.Build.0 = Release|x64
		{30FFDEFE-CC2F-46E5-B536-5225D9FF5F5F}.Release|iPhone.Deploy.0 = Release|x64
		{30FFDEFE-CC2F-46E5-B536-5225D9FF5F5F}.Release|iPhoneSimulator.ActiveCfg = Release|x64
		{30FFDEFE-CC2F-46E5-B536-5225D9FF5F5F}.Release|iPhoneSimulator.Build.0 = Release|x64
		{30FFDEFE-CC2F-46E5-B536-5225D9FF5F5F}.Release|iPhoneSimulator.Deploy.0 = Release|x64
		{30FFDEFE-CC2F-46E5-B536-5225D9FF5F5F}.Release|x64.ActiveCfg = Release|x64
		{30FFDEFE-CC2F-46E5-B536-5225D9FF5F5F}.Release|x64.Build.0 = Release|x64
		{30FFDEFE-CC2F-46E5-B536-5225D9FF5F5F}.Release|x64.Deploy.0 = Release|x64
		{30FFDEFE-CC2F-46E5-B536-5225D9FF5F5F}.Release|x86.ActiveCfg = Release|x86
		{30FFDEFE-CC2F-46E5-B536-5225D9FF5F5F}.Release|x86.Build.0 = Release|x86
		{30FFDEFE-CC2F-46E5-B536-5225D9FF5F5F}.Release|x86.Deploy.0 = Release|x86
		{791404FD-579B-4E07-A8B1-349004CC9770}.Debug|Any CPU.ActiveCfg = Debug|Any CPU
		{791404FD-579B-4E07-A8B1-349004CC9770}.Debug|Any CPU.Build.0 = Debug|Any CPU
		{791404FD-579B-4E07-A8B1-349004CC9770}.Debug|Any CPU.Deploy.0 = Debug|Any CPU
		{791404FD-579B-4E07-A8B1-349004CC9770}.Debug|ARM.ActiveCfg = Debug|Any CPU
		{791404FD-579B-4E07-A8B1-349004CC9770}.Debug|ARM.Build.0 = Debug|Any CPU
		{791404FD-579B-4E07-A8B1-349004CC9770}.Debug|ARM.Deploy.0 = Debug|Any CPU
		{791404FD-579B-4E07-A8B1-349004CC9770}.Debug|iPhone.ActiveCfg = Debug|Any CPU
		{791404FD-579B-4E07-A8B1-349004CC9770}.Debug|iPhone.Build.0 = Debug|Any CPU
		{791404FD-579B-4E07-A8B1-349004CC9770}.Debug|iPhone.Deploy.0 = Debug|Any CPU
		{791404FD-579B-4E07-A8B1-349004CC9770}.Debug|iPhoneSimulator.ActiveCfg = Debug|Any CPU
		{791404FD-579B-4E07-A8B1-349004CC9770}.Debug|iPhoneSimulator.Build.0 = Debug|Any CPU
		{791404FD-579B-4E07-A8B1-349004CC9770}.Debug|iPhoneSimulator.Deploy.0 = Debug|Any CPU
		{791404FD-579B-4E07-A8B1-349004CC9770}.Debug|x64.ActiveCfg = Debug|Any CPU
		{791404FD-579B-4E07-A8B1-349004CC9770}.Debug|x64.Build.0 = Debug|Any CPU
		{791404FD-579B-4E07-A8B1-349004CC9770}.Debug|x64.Deploy.0 = Debug|Any CPU
		{791404FD-579B-4E07-A8B1-349004CC9770}.Debug|x86.ActiveCfg = Debug|Any CPU
		{791404FD-579B-4E07-A8B1-349004CC9770}.Debug|x86.Build.0 = Debug|Any CPU
		{791404FD-579B-4E07-A8B1-349004CC9770}.Debug|x86.Deploy.0 = Debug|Any CPU
		{791404FD-579B-4E07-A8B1-349004CC9770}.Release|Any CPU.ActiveCfg = Release|Any CPU
		{791404FD-579B-4E07-A8B1-349004CC9770}.Release|Any CPU.Build.0 = Release|Any CPU
		{791404FD-579B-4E07-A8B1-349004CC9770}.Release|Any CPU.Deploy.0 = Release|Any CPU
		{791404FD-579B-4E07-A8B1-349004CC9770}.Release|ARM.ActiveCfg = Release|Any CPU
		{791404FD-579B-4E07-A8B1-349004CC9770}.Release|ARM.Build.0 = Release|Any CPU
		{791404FD-579B-4E07-A8B1-349004CC9770}.Release|ARM.Deploy.0 = Release|Any CPU
		{791404FD-579B-4E07-A8B1-349004CC9770}.Release|iPhone.ActiveCfg = Release|Any CPU
		{791404FD-579B-4E07-A8B1-349004CC9770}.Release|iPhone.Build.0 = Release|Any CPU
		{791404FD-579B-4E07-A8B1-349004CC9770}.Release|iPhone.Deploy.0 = Release|Any CPU
		{791404FD-579B-4E07-A8B1-349004CC9770}.Release|iPhoneSimulator.ActiveCfg = Release|Any CPU
		{791404FD-579B-4E07-A8B1-349004CC9770}.Release|iPhoneSimulator.Build.0 = Release|Any CPU
		{791404FD-579B-4E07-A8B1-349004CC9770}.Release|iPhoneSimulator.Deploy.0 = Release|Any CPU
		{791404FD-579B-4E07-A8B1-349004CC9770}.Release|x64.ActiveCfg = Release|Any CPU
		{791404FD-579B-4E07-A8B1-349004CC9770}.Release|x64.Build.0 = Release|Any CPU
		{791404FD-579B-4E07-A8B1-349004CC9770}.Release|x64.Deploy.0 = Release|Any CPU
		{791404FD-579B-4E07-A8B1-349004CC9770}.Release|x86.ActiveCfg = Release|Any CPU
		{791404FD-579B-4E07-A8B1-349004CC9770}.Release|x86.Build.0 = Release|Any CPU
		{791404FD-579B-4E07-A8B1-349004CC9770}.Release|x86.Deploy.0 = Release|Any CPU
		{38D36B5B-F3B2-4483-9856-B85643A7EBBD}.Debug|Any CPU.ActiveCfg = Debug|iPhoneSimulator
		{38D36B5B-F3B2-4483-9856-B85643A7EBBD}.Debug|Any CPU.Build.0 = Debug|iPhoneSimulator
		{38D36B5B-F3B2-4483-9856-B85643A7EBBD}.Debug|Any CPU.Deploy.0 = Debug|iPhoneSimulator
		{38D36B5B-F3B2-4483-9856-B85643A7EBBD}.Debug|ARM.ActiveCfg = Debug|iPhoneSimulator
		{38D36B5B-F3B2-4483-9856-B85643A7EBBD}.Debug|ARM.Build.0 = Debug|iPhoneSimulator
		{38D36B5B-F3B2-4483-9856-B85643A7EBBD}.Debug|ARM.Deploy.0 = Debug|iPhoneSimulator
		{38D36B5B-F3B2-4483-9856-B85643A7EBBD}.Debug|iPhone.ActiveCfg = Debug|iPhone
		{38D36B5B-F3B2-4483-9856-B85643A7EBBD}.Debug|iPhone.Build.0 = Debug|iPhone
		{38D36B5B-F3B2-4483-9856-B85643A7EBBD}.Debug|iPhone.Deploy.0 = Debug|iPhone
		{38D36B5B-F3B2-4483-9856-B85643A7EBBD}.Debug|iPhoneSimulator.ActiveCfg = Debug|iPhoneSimulator
		{38D36B5B-F3B2-4483-9856-B85643A7EBBD}.Debug|iPhoneSimulator.Build.0 = Debug|iPhoneSimulator
		{38D36B5B-F3B2-4483-9856-B85643A7EBBD}.Debug|iPhoneSimulator.Deploy.0 = Debug|iPhoneSimulator
		{38D36B5B-F3B2-4483-9856-B85643A7EBBD}.Debug|x64.ActiveCfg = Debug|iPhone
		{38D36B5B-F3B2-4483-9856-B85643A7EBBD}.Debug|x64.Build.0 = Debug|iPhone
		{38D36B5B-F3B2-4483-9856-B85643A7EBBD}.Debug|x64.Deploy.0 = Debug|iPhone
		{38D36B5B-F3B2-4483-9856-B85643A7EBBD}.Debug|x86.ActiveCfg = Debug|iPhoneSimulator
		{38D36B5B-F3B2-4483-9856-B85643A7EBBD}.Debug|x86.Build.0 = Debug|iPhoneSimulator
		{38D36B5B-F3B2-4483-9856-B85643A7EBBD}.Debug|x86.Deploy.0 = Debug|iPhoneSimulator
		{38D36B5B-F3B2-4483-9856-B85643A7EBBD}.Release|Any CPU.ActiveCfg = Release|iPhoneSimulator
		{38D36B5B-F3B2-4483-9856-B85643A7EBBD}.Release|Any CPU.Build.0 = Release|iPhoneSimulator
		{38D36B5B-F3B2-4483-9856-B85643A7EBBD}.Release|Any CPU.Deploy.0 = Release|iPhoneSimulator
		{38D36B5B-F3B2-4483-9856-B85643A7EBBD}.Release|ARM.ActiveCfg = Release|iPhoneSimulator
		{38D36B5B-F3B2-4483-9856-B85643A7EBBD}.Release|ARM.Build.0 = Release|iPhoneSimulator
		{38D36B5B-F3B2-4483-9856-B85643A7EBBD}.Release|ARM.Deploy.0 = Release|iPhoneSimulator
		{38D36B5B-F3B2-4483-9856-B85643A7EBBD}.Release|iPhone.ActiveCfg = Release|iPhone
		{38D36B5B-F3B2-4483-9856-B85643A7EBBD}.Release|iPhone.Build.0 = Release|iPhone
		{38D36B5B-F3B2-4483-9856-B85643A7EBBD}.Release|iPhone.Deploy.0 = Release|iPhone
		{38D36B5B-F3B2-4483-9856-B85643A7EBBD}.Release|iPhoneSimulator.ActiveCfg = Release|iPhoneSimulator
		{38D36B5B-F3B2-4483-9856-B85643A7EBBD}.Release|iPhoneSimulator.Build.0 = Release|iPhoneSimulator
		{38D36B5B-F3B2-4483-9856-B85643A7EBBD}.Release|iPhoneSimulator.Deploy.0 = Release|iPhoneSimulator
		{38D36B5B-F3B2-4483-9856-B85643A7EBBD}.Release|x64.ActiveCfg = Release|iPhoneSimulator
		{38D36B5B-F3B2-4483-9856-B85643A7EBBD}.Release|x64.Build.0 = Release|iPhoneSimulator
		{38D36B5B-F3B2-4483-9856-B85643A7EBBD}.Release|x64.Deploy.0 = Release|iPhoneSimulator
		{38D36B5B-F3B2-4483-9856-B85643A7EBBD}.Release|x86.ActiveCfg = Release|iPhoneSimulator
		{38D36B5B-F3B2-4483-9856-B85643A7EBBD}.Release|x86.Build.0 = Release|iPhoneSimulator
		{38D36B5B-F3B2-4483-9856-B85643A7EBBD}.Release|x86.Deploy.0 = Release|iPhoneSimulator
		{D22FB3B2-3255-4954-9137-AA4802B591FE}.Debug|Any CPU.ActiveCfg = Debug|Any CPU
		{D22FB3B2-3255-4954-9137-AA4802B591FE}.Debug|Any CPU.Build.0 = Debug|Any CPU
		{D22FB3B2-3255-4954-9137-AA4802B591FE}.Debug|Any CPU.Deploy.0 = Debug|Any CPU
		{D22FB3B2-3255-4954-9137-AA4802B591FE}.Debug|ARM.ActiveCfg = Debug|Any CPU
		{D22FB3B2-3255-4954-9137-AA4802B591FE}.Debug|ARM.Build.0 = Debug|Any CPU
		{D22FB3B2-3255-4954-9137-AA4802B591FE}.Debug|ARM.Deploy.0 = Debug|Any CPU
		{D22FB3B2-3255-4954-9137-AA4802B591FE}.Debug|iPhone.ActiveCfg = Debug|Any CPU
		{D22FB3B2-3255-4954-9137-AA4802B591FE}.Debug|iPhone.Build.0 = Debug|Any CPU
		{D22FB3B2-3255-4954-9137-AA4802B591FE}.Debug|iPhone.Deploy.0 = Debug|Any CPU
		{D22FB3B2-3255-4954-9137-AA4802B591FE}.Debug|iPhoneSimulator.ActiveCfg = Debug|Any CPU
		{D22FB3B2-3255-4954-9137-AA4802B591FE}.Debug|iPhoneSimulator.Build.0 = Debug|Any CPU
		{D22FB3B2-3255-4954-9137-AA4802B591FE}.Debug|iPhoneSimulator.Deploy.0 = Debug|Any CPU
		{D22FB3B2-3255-4954-9137-AA4802B591FE}.Debug|x64.ActiveCfg = Debug|Any CPU
		{D22FB3B2-3255-4954-9137-AA4802B591FE}.Debug|x64.Build.0 = Debug|Any CPU
		{D22FB3B2-3255-4954-9137-AA4802B591FE}.Debug|x64.Deploy.0 = Debug|Any CPU
		{D22FB3B2-3255-4954-9137-AA4802B591FE}.Debug|x86.ActiveCfg = Debug|Any CPU
		{D22FB3B2-3255-4954-9137-AA4802B591FE}.Debug|x86.Build.0 = Debug|Any CPU
		{D22FB3B2-3255-4954-9137-AA4802B591FE}.Debug|x86.Deploy.0 = Debug|Any CPU
		{D22FB3B2-3255-4954-9137-AA4802B591FE}.Release|Any CPU.ActiveCfg = Release|Any CPU
		{D22FB3B2-3255-4954-9137-AA4802B591FE}.Release|Any CPU.Build.0 = Release|Any CPU
		{D22FB3B2-3255-4954-9137-AA4802B591FE}.Release|Any CPU.Deploy.0 = Release|Any CPU
		{D22FB3B2-3255-4954-9137-AA4802B591FE}.Release|ARM.ActiveCfg = Release|Any CPU
		{D22FB3B2-3255-4954-9137-AA4802B591FE}.Release|ARM.Build.0 = Release|Any CPU
		{D22FB3B2-3255-4954-9137-AA4802B591FE}.Release|ARM.Deploy.0 = Release|Any CPU
		{D22FB3B2-3255-4954-9137-AA4802B591FE}.Release|iPhone.ActiveCfg = Release|Any CPU
		{D22FB3B2-3255-4954-9137-AA4802B591FE}.Release|iPhone.Build.0 = Release|Any CPU
		{D22FB3B2-3255-4954-9137-AA4802B591FE}.Release|iPhone.Deploy.0 = Release|Any CPU
		{D22FB3B2-3255-4954-9137-AA4802B591FE}.Release|iPhoneSimulator.ActiveCfg = Release|Any CPU
		{D22FB3B2-3255-4954-9137-AA4802B591FE}.Release|iPhoneSimulator.Build.0 = Release|Any CPU
		{D22FB3B2-3255-4954-9137-AA4802B591FE}.Release|iPhoneSimulator.Deploy.0 = Release|Any CPU
		{D22FB3B2-3255-4954-9137-AA4802B591FE}.Release|x64.ActiveCfg = Release|Any CPU
		{D22FB3B2-3255-4954-9137-AA4802B591FE}.Release|x64.Build.0 = Release|Any CPU
		{D22FB3B2-3255-4954-9137-AA4802B591FE}.Release|x64.Deploy.0 = Release|Any CPU
		{D22FB3B2-3255-4954-9137-AA4802B591FE}.Release|x86.ActiveCfg = Release|Any CPU
		{D22FB3B2-3255-4954-9137-AA4802B591FE}.Release|x86.Build.0 = Release|Any CPU
		{D22FB3B2-3255-4954-9137-AA4802B591FE}.Release|x86.Deploy.0 = Release|Any CPU
	EndGlobalSection
	GlobalSection(SolutionProperties) = preSolution
		HideSolutionNode = FALSE
	EndGlobalSection
	GlobalSection(ExtensibilityGlobals) = postSolution
		SolutionGuid = {C1208149-03BC-4526-98D2-3797E812018A}
	EndGlobalSection
EndGlobal
